
Microsoft Visual Studio Solution File, Format Version 12.00
# Visual Studio Version 16
VisualStudioVersion = 16.0.31313.79
MinimumVisualStudioVersion = 10.0.40219.1
Project("{9A19103F-16F7-4668-BE54-9A1E7A4F7556}") = "KhoaHoc_C", "KhoaHoc_C\KhoaHoc_C.csproj", "{960AF791-438B-40F0-8B3C-56419E080659}"
EndProject
Global
	GlobalSection(SolutionConfigurationPlatforms) = preSolution
		Debug|Any CPU = Debug|Any CPU
		Release|Any CPU = Release|Any CPU
	EndGlobalSection
	GlobalSection(ProjectConfigurationPlatforms) = postSolution
		{960AF791-438B-40F0-8B3C-56419E080659}.Debug|Any CPU.ActiveCfg = Debug|Any CPU
		{960AF791-438B-40F0-8B3C-56419E080659}.Debug|Any CPU.Build.0 = Debug|Any CPU
		{960AF791-438B-40F0-8B3C-56419E080659}.Release|Any CPU.ActiveCfg = Release|Any CPU
		{960AF791-438B-40F0-8B3C-56419E080659}.Release|Any CPU.Build.0 = Release|Any CPU
	EndGlobalSection
	GlobalSection(SolutionProperties) = preSolution
		HideSolutionNode = FALSE
	EndGlobalSection
	GlobalSection(ExtensibilityGlobals) = postSolution
		SolutionGuid = {B2165D29-9EFD-40A9-B8E7-40681C79BD01}
	EndGlobalSection
EndGlobal
